hash: 1ac977f2c75123bfa6bb84dd02d0c9e966e1cafffeca2985a94d5457a7886611
updated: 2016-07-30T22:19:27.889472108+02:00
imports:
- name: github.com/boltdb/bolt
  version: dfb21201d9270c1082d5fb0f07f500311ff72f18
- name: github.com/coreos/etcd
  version: fb65d0429179c45d8d48b49cda0ef2f233efc0da
  subpackages:
  - client
  - pkg/pathutil
  - pkg/types
- name: github.com/jawher/mow.cli
  version: 772320464101e904cd51198160eb4d489be9cc49
- name: github.com/ncw/swift
  version: ce444d6d47c51d4dda9202cd38f5094dd8e27e86
- name: github.com/Sirupsen/logrus
  version: cd7d1bbe41066b6c1f19780f895901052150a575
- name: github.com/ugorji/go
  version: b94837a2404ab90efe9289e77a70694c355739cb
  subpackages:
  - codec
- name: golang.org/x/net
  version: 3f122ce3dbbe488b7e6a8bdb26f41edec852a40b
  subpackages:
  - context
- name: golang.org/x/sys
  version: e82cb4d7dffc35bcec7bc8bf9e402377e0ecf3f4
  subpackages:
  - unix
- name: gopkg.in/yaml.v2
  version: a83829b6f1293c91addabc89d0571c246397bbf4
testImports: []
