# This file is autogenerated, do not edit; changes may be undone by the next 'dep ensure'.


[[projects]]
  name = "github.com/boltdb/bolt"
  packages = ["."]
  revision = "583e8937c61f1af6513608ccc75c97b6abdf4ff9"
  version = "v1.3.0"

[[projects]]
  name = "github.com/certifi/gocertifi"
  packages = ["."]
  revision = "3fd9e1adb12b72d2f3f82191d49be9b93c69f67c"
  version = "2017.07.27"

[[projects]]
  name = "github.com/dgrijalva/jwt-go"
  packages = ["."]
  revision = "d2709f9f1f31ebcda9651b03077758c1f3a0018c"
  version = "v3.0.0"

[[projects]]
  name = "github.com/evalphobia/logrus_sentry"
  packages = ["."]
  revision = "13ba9278e2adf1537fd94143a6b6a1c0dc008ac7"
  version = "v0.4.2"

[[projects]]
  branch = "master"
  name = "github.com/getsentry/raven-go"
  packages = ["."]
  revision = "1452f6376ddb15c546b6d7567e1d9518765391b5"

[[projects]]
  name = "github.com/jawher/mow.cli"
  packages = ["."]
  revision = "772320464101e904cd51198160eb4d489be9cc49"

[[projects]]
  name = "github.com/mitchellh/go-homedir"
  packages = ["."]
  revision = "756f7b183b7ab78acdbbee5c7f392838ed459dda"

[[projects]]
  name = "github.com/ncw/swift"
  packages = ["."]
  revision = "ce444d6d47c51d4dda9202cd38f5094dd8e27e86"

[[projects]]
  name = "github.com/pkg/errors"
  packages = ["."]
  revision = "645ef00459ed84a119197bfb8d8205042c6df63d"
  version = "v0.8.0"

[[projects]]
  name = "github.com/sirupsen/logrus"
  packages = ["."]
  revision = "4b6ea7319e214d98c938f12692336f7ca9348d6b"
  version = "v0.10.0"

[[projects]]
  name = "golang.org/x/sys"
  packages = ["unix"]
  revision = "30de6d19a3bd89a5f38ae4028e23aaa5582648af"

[[projects]]
  name = "gopkg.in/yaml.v2"
  packages = ["."]
  revision = "a83829b6f1293c91addabc89d0571c246397bbf4"

[solve-meta]
  analyzer-name = "dep"
  analyzer-version = 1
  inputs-digest = "4872176753c5e53d5fbaf32a06353c4e98d3ff0ede125e20ccd87abda7ea17c0"
  solver-name = "gps-cdcl"
  solver-version = 1
